// !$*UTF8*$!
{
	archiveVersion = 1;
	classes = {
	};
	objectVersion = 51;
	objects = {

/* Begin PBXBuildFile section */
		392DF599D83224AB8B16E48A /* Pods_ZJWorker.framework in Frameworks */ = {isa = PBXBuildFile; fileRef = E0716E1203EE04493870B64D /* Pods_ZJWorker.framework */; };
		4E161DE72629232D00774C57 /* HomeMeunCollectionViewCell.swift in Sources */ = {isa = PBXBuildFile; fileRef = 4E161DE62629232D00774C57 /* HomeMeunCollectionViewCell.swift */; };
		4E161DE9262925D100774C57 /* HomeMenuReusableHeaderView.swift in Sources */ = {isa = PBXBuildFile; fileRef = 4E161DE8262925D100774C57 /* HomeMenuReusableHeaderView.swift */; };
		4E161DEB26292DC900774C57 /* HomeMeunViewController.swift in Sources */ = {isa = PBXBuildFile; fileRef = 4E161DEA26292DC900774C57 /* HomeMeunViewController.swift */; };
		4E161DED262939DB00774C57 /* HomeMenuReusableFooterView.swift in Sources */ = {isa = PBXBuildFile; fileRef = 4E161DEC262939DB00774C57 /* HomeMenuReusableFooterView.swift */; };
		4E161DF02629523500774C57 /* MessageViewController.swift in Sources */ = {isa = PBXBuildFile; fileRef = 4E161DEF2629523500774C57 /* MessageViewController.swift */; };
		4E161DF22629539400774C57 /* MessageTableViewCell.swift in Sources */ = {isa = PBXBuildFile; fileRef = 4E161DF12629539400774C57 /* MessageTableViewCell.swift */; };
		4E161DF52629655D00774C57 /* MineViewController.swift in Sources */ = {isa = PBXBuildFile; fileRef = 4E161DF42629655D00774C57 /* MineViewController.swift */; };
		4E161DFA262969C400774C57 /* MineTableViewCell.swift in Sources */ = {isa = PBXBuildFile; fileRef = 4E161DF9262969C400774C57 /* MineTableViewCell.swift */; };
		4E161DFD2629718F00774C57 /* ContactViewController.swift in Sources */ = {isa = PBXBuildFile; fileRef = 4E161DFC2629718F00774C57 /* ContactViewController.swift */; };
		4E161DFF262976AA00774C57 /* README.md in Resources */ = {isa = PBXBuildFile; fileRef = 4E161DFE262976AA00774C57 /* README.md */; };
		4ED85CA12626ED4400AAC307 /* AppDelegate.swift in Sources */ = {isa = PBXBuildFile; fileRef = 4ED85CA02626ED4400AAC307 /* AppDelegate.swift */; };
		4ED85CA52626ED4400AAC307 /* ViewController.swift in Sources */ = {isa = PBXBuildFile; fileRef = 4ED85CA42626ED4400AAC307 /* ViewController.swift */; };
		4ED85CA82626ED4400AAC307 /* Main.storyboard in Resources */ = {isa = PBXBuildFile; fileRef = 4ED85CA62626ED4400AAC307 /* Main.storyboard */; };
		4ED85CAA2626ED4700AAC307 /* Assets.xcassets in Resources */ = {isa = PBXBuildFile; fileRef = 4ED85CA92626ED4700AAC307 /* Assets.xcassets */; };
		4ED85CAD2626ED4700AAC307 /* LaunchScreen.storyboard in Resources */ = {isa = PBXBuildFile; fileRef = 4ED85CAB2626ED4700AAC307 /* LaunchScreen.storyboard */; };
		4ED85CC42627E0E700AAC307 /* HomeTabbarViewController.swift in Sources */ = {isa = PBXBuildFile; fileRef = 4ED85CC32627E0E700AAC307 /* HomeTabbarViewController.swift */; };
		4ED85CD72627E7CD00AAC307 /* OfficeNet.swift in Sources */ = {isa = PBXBuildFile; fileRef = 4ED85CD62627E7CD00AAC307 /* OfficeNet.swift */; };
		4ED85CE12627EBD100AAC307 /* WorkerStatus.swift in Sources */ = {isa = PBXBuildFile; fileRef = 4ED85CE02627EBD100AAC307 /* WorkerStatus.swift */; };
		4ED85CE42627F01500AAC307 /* HomeMetasNet.swift in Sources */ = {isa = PBXBuildFile; fileRef = 4ED85CE32627F01500AAC307 /* HomeMetasNet.swift */; };
		4ED85CE9262800DB00AAC307 /* NetDefine.swift in Sources */ = {isa = PBXBuildFile; fileRef = 4ED85CE8262800DB00AAC307 /* NetDefine.swift */; };
		4ED85CEE2628016900AAC307 /* SizeDefine.swift in Sources */ = {isa = PBXBuildFile; fileRef = 4ED85CED2628016900AAC307 /* SizeDefine.swift */; };
		4ED85CF42628020900AAC307 /* WorkFlowNet.swift in Sources */ = {isa = PBXBuildFile; fileRef = 4ED85CF32628020900AAC307 /* WorkFlowNet.swift */; };
		4ED85CF72628021900AAC307 /* UserInfosNet.swift in Sources */ = {isa = PBXBuildFile; fileRef = 4ED85CF62628021900AAC307 /* UserInfosNet.swift */; };
		4ED85CFD2628042E00AAC307 /* NetworkReachability.swift in Sources */ = {isa = PBXBuildFile; fileRef = 4ED85CFC2628042E00AAC307 /* NetworkReachability.swift */; };
		4ED85D00262805C500AAC307 /* Response.swift in Sources */ = {isa = PBXBuildFile; fileRef = 4ED85CFF262805C500AAC307 /* Response.swift */; };
		4ED85D432628272D00AAC307 /* TemplateModel.swift in Sources */ = {isa = PBXBuildFile; fileRef = 4ED85D422628272D00AAC307 /* TemplateModel.swift */; };
		4ED85D462628279500AAC307 /* TemplateNet.swift in Sources */ = {isa = PBXBuildFile; fileRef = 4ED85D452628279500AAC307 /* TemplateNet.swift */; };
		777F7E55262A851300DCD9D2 /* CustomerDetailEidtViewController.swift in Sources */ = {isa = PBXBuildFile; fileRef = 777F7E54262A851300DCD9D2 /* CustomerDetailEidtViewController.swift */; };
		777F7E58262A857C00DCD9D2 /* CustomerUserInfoTableViewCell.swift in Sources */ = {isa = PBXBuildFile; fileRef = 777F7E57262A857C00DCD9D2 /* CustomerUserInfoTableViewCell.swift */; };
		777F7E5A262A85A100DCD9D2 /* CustomerBizTableViewCell.swift in Sources */ = {isa = PBXBuildFile; fileRef = 777F7E59262A85A100DCD9D2 /* CustomerBizTableViewCell.swift */; };
		777F7E5C262A85F400DCD9D2 /* CustomerInfoReusableHeaderView.swift in Sources */ = {isa = PBXBuildFile; fileRef = 777F7E5B262A85F400DCD9D2 /* CustomerInfoReusableHeaderView.swift */; };
		777F7E5F262A864B00DCD9D2 /* ViewInitProtocol.swift in Sources */ = {isa = PBXBuildFile; fileRef = 777F7E5E262A864B00DCD9D2 /* ViewInitProtocol.swift */; };
		777F7E61262A887500DCD9D2 /* LeftRightTextLabel.swift in Sources */ = {isa = PBXBuildFile; fileRef = 777F7E60262A887500DCD9D2 /* LeftRightTextLabel.swift */; };
		777F7E63262AA05200DCD9D2 /* LeftLabelRightInputCell.swift in Sources */ = {isa = PBXBuildFile; fileRef = 777F7E62262AA05200DCD9D2 /* LeftLabelRightInputCell.swift */; };
		777F7E65262AA35F00DCD9D2 /* CustomerInputCell.swift in Sources */ = {isa = PBXBuildFile; fileRef = 777F7E64262AA35F00DCD9D2 /* CustomerInputCell.swift */; };
		777F7E67262AA99A00DCD9D2 /* WorkFlowDetailViewController.swift in Sources */ = {isa = PBXBuildFile; fileRef = 777F7E66262AA99A00DCD9D2 /* WorkFlowDetailViewController.swift */; };
		777F7E69262AAC6A00DCD9D2 /* SystemViewController.swift in Sources */ = {isa = PBXBuildFile; fileRef = 777F7E68262AAC6A00DCD9D2 /* SystemViewController.swift */; };
		777F7E6B262AB58A00DCD9D2 /* SystemStationTableCell.swift in Sources */ = {isa = PBXBuildFile; fileRef = 777F7E6A262AB58A00DCD9D2 /* SystemStationTableCell.swift */; };
		777F7E6D262AC62B00DCD9D2 /* CreditListViewController.swift in Sources */ = {isa = PBXBuildFile; fileRef = 777F7E6C262AC62A00DCD9D2 /* CreditListViewController.swift */; };
		777F7E6F262AC74400DCD9D2 /* CreditTableViewCell.swift in Sources */ = {isa = PBXBuildFile; fileRef = 777F7E6E262AC74400DCD9D2 /* CreditTableViewCell.swift */; };
		777F7E77262AF70300DCD9D2 /* SettingViewController.swift in Sources */ = {isa = PBXBuildFile; fileRef = 777F7E75262AF70300DCD9D2 /* SettingViewController.swift */; };
		77831CB426287CC000306960 /* LoginViewController.swift in Sources */ = {isa = PBXBuildFile; fileRef = 77831CB326287CC000306960 /* LoginViewController.swift */; };
		77831CBA26287D5E00306960 /* LoginView.swift in Sources */ = {isa = PBXBuildFile; fileRef = 77831CB926287D5E00306960 /* LoginView.swift */; };
		77831CBC26288C0400306960 /* HomeWorkView.swift in Sources */ = {isa = PBXBuildFile; fileRef = 77831CBB26288C0400306960 /* HomeWorkView.swift */; };
		77831CBE26288C2E00306960 /* WorkMenuButton.swift in Sources */ = {isa = PBXBuildFile; fileRef = 77831CBD26288C2E00306960 /* WorkMenuButton.swift */; };
		77A79AAF262AFF6F0067B21D /* SettingTableViewCell.swift in Sources */ = {isa = PBXBuildFile; fileRef = 77A79AAE262AFF6F0067B21D /* SettingTableViewCell.swift */; };
		77A79AB1262B004D0067B21D /* SettingCenterTextTableCell.swift in Sources */ = {isa = PBXBuildFile; fileRef = 77A79AB0262B004D0067B21D /* SettingCenterTextTableCell.swift */; };
		77A854422629B8730086A4B5 /* UIImage+Extension.swift in Sources */ = {isa = PBXBuildFile; fileRef = 77A854412629B8730086A4B5 /* UIImage+Extension.swift */; };
		77A854442629BFCF0086A4B5 /* MesageListViewController.swift in Sources */ = {isa = PBXBuildFile; fileRef = 77A854432629BFCF0086A4B5 /* MesageListViewController.swift */; };
		77A854472629C0C50086A4B5 /* MessgeListTableViewCell.swift in Sources */ = {isa = PBXBuildFile; fileRef = 77A854452629C0C50086A4B5 /* MessgeListTableViewCell.swift */; };
		77A8544A2629C36B0086A4B5 /* UIView+IBInspectable.swift in Sources */ = {isa = PBXBuildFile; fileRef = 77A854492629C36B0086A4B5 /* UIView+IBInspectable.swift */; };
		77A8544F2629E2AB0086A4B5 /* CustomerInfoViewController.swift in Sources */ = {isa = PBXBuildFile; fileRef = 77A8544E2629E2AB0086A4B5 /* CustomerInfoViewController.swift */; };
		77A854512629E2BB0086A4B5 /* CustomerInfoInputViewController.swift in Sources */ = {isa = PBXBuildFile; fileRef = 77A854502629E2BB0086A4B5 /* CustomerInfoInputViewController.swift */; };
/* End PBXBuildFile section */

/* Begin PBXCopyFilesBuildPhase section */
		77831CB826287CEC00306960 /* Embed Frameworks */ = {
			isa = PBXCopyFilesBuildPhase;
			buildActionMask = 2147483647;
			dstPath = "";
			dstSubfolderSpec = 10;
			files = (
			);
			name = "Embed Frameworks";
			runOnlyForDeploymentPostprocessing = 0;
		};
/* End PBXCopyFilesBuildPhase section */

/* Begin PBXFileReference section */
		430D4545DF998B7F16D6D28B /* Pods-ZJWorker.release.xcconfig */ = {isa = PBXFileReference; includeInIndex = 1; lastKnownFileType = text.xcconfig; name = "Pods-ZJWorker.release.xcconfig"; path = "Target Support Files/Pods-ZJWorker/Pods-ZJWorker.release.xcconfig"; sourceTree = "<group>"; };
		4E161DE62629232D00774C57 /* HomeMeunCollectionViewCell.swift */ = {isa = PBXFileReference; lastKnownFileType = sourcecode.swift; path = HomeMeunCollectionViewCell.swift; sourceTree = "<group>"; };
		4E161DE8262925D100774C57 /* HomeMenuReusableHeaderView.swift */ = {isa = PBXFileReference; lastKnownFileType = sourcecode.swift; path = HomeMenuReusableHeaderView.swift; sourceTree = "<group>"; };
		4E161DEA26292DC900774C57 /* HomeMeunViewController.swift */ = {isa = PBXFileReference; lastKnownFileType = sourcecode.swift; path = HomeMeunViewController.swift; sourceTree = "<group>"; };
		4E161DEC262939DB00774C57 /* HomeMenuReusableFooterView.swift */ = {isa = PBXFileReference; lastKnownFileType = sourcecode.swift; path = HomeMenuReusableFooterView.swift; sourceTree = "<group>"; };
		4E161DEF2629523500774C57 /* MessageViewController.swift */ = {isa = PBXFileReference; lastKnownFileType = sourcecode.swift; path = MessageViewController.swift; sourceTree = "<group>"; };
		4E161DF12629539400774C57 /* MessageTableViewCell.swift */ = {isa = PBXFileReference; lastKnownFileType = sourcecode.swift; path = MessageTableViewCell.swift; sourceTree = "<group>"; };
		4E161DF42629655D00774C57 /* MineViewController.swift */ = {isa = PBXFileReference; lastKnownFileType = sourcecode.swift; path = MineViewController.swift; sourceTree = "<group>"; };
		4E161DF9262969C400774C57 /* MineTableViewCell.swift */ = {isa = PBXFileReference; lastKnownFileType = sourcecode.swift; path = MineTableViewCell.swift; sourceTree = "<group>"; };
		4E161DFC2629718F00774C57 /* ContactViewController.swift */ = {isa = PBXFileReference; lastKnownFileType = sourcecode.swift; path = ContactViewController.swift; sourceTree = "<group>"; };
		4E161DFE262976AA00774C57 /* README.md */ = {isa = PBXFileReference; lastKnownFileType = net.daringfireball.markdown; path = README.md; sourceTree = "<group>"; };
		4ED85C9D2626ED4400AAC307 /* ZJWorker.app */ = {isa = PBXFileReference; explicitFileType = wrapper.application; includeInIndex = 0; path = ZJWorker.app; sourceTree = BUILT_PRODUCTS_DIR; };
		4ED85CA02626ED4400AAC307 /* AppDelegate.swift */ = {isa = PBXFileReference; lastKnownFileType = sourcecode.swift; path = AppDelegate.swift; sourceTree = "<group>"; };
		4ED85CA42626ED4400AAC307 /* ViewController.swift */ = {isa = PBXFileReference; lastKnownFileType = sourcecode.swift; path = ViewController.swift; sourceTree = "<group>"; };
		4ED85CA72626ED4400AAC307 /* Base */ = {isa = PBXFileReference; lastKnownFileType = file.storyboard; name = Base; path = Base.lproj/Main.storyboard; sourceTree = "<group>"; };
		4ED85CA92626ED4700AAC307 /* Assets.xcassets */ = {isa = PBXFileReference; lastKnownFileType = folder.assetcatalog; path = Assets.xcassets; sourceTree = "<group>"; };
		4ED85CAC2626ED4700AAC307 /* Base */ = {isa = PBXFileReference; lastKnownFileType = file.storyboard; name = Base; path = Base.lproj/LaunchScreen.storyboard; sourceTree = "<group>"; };
		4ED85CAE2626ED4700AAC307 /* Info.plist */ = {isa = PBXFileReference; lastKnownFileType = text.plist.xml; path = Info.plist; sourceTree = "<group>"; };
		4ED85CC32627E0E700AAC307 /* HomeTabbarViewController.swift */ = {isa = PBXFileReference; lastKnownFileType = sourcecode.swift; path = HomeTabbarViewController.swift; sourceTree = "<group>"; };
		4ED85CD62627E7CD00AAC307 /* OfficeNet.swift */ = {isa = PBXFileReference; lastKnownFileType = sourcecode.swift; path = OfficeNet.swift; sourceTree = "<group>"; };
		4ED85CE02627EBD100AAC307 /* WorkerStatus.swift */ = {isa = PBXFileReference; lastKnownFileType = sourcecode.swift; path = WorkerStatus.swift; sourceTree = "<group>"; };
		4ED85CE32627F01500AAC307 /* HomeMetasNet.swift */ = {isa = PBXFileReference; lastKnownFileType = sourcecode.swift; path = HomeMetasNet.swift; sourceTree = "<group>"; };
		4ED85CE72628007800AAC307 /* PrefixHeader.pch */ = {isa = PBXFileReference; fileEncoding = 4; lastKnownFileType = sourcecode.c.h; path = PrefixHeader.pch; sourceTree = "<group>"; };
		4ED85CE8262800DB00AAC307 /* NetDefine.swift */ = {isa = PBXFileReference; lastKnownFileType = sourcecode.swift; path = NetDefine.swift; sourceTree = "<group>"; };
		4ED85CED2628016900AAC307 /* SizeDefine.swift */ = {isa = PBXFileReference; lastKnownFileType = sourcecode.swift; path = SizeDefine.swift; sourceTree = "<group>"; };
		4ED85CF32628020900AAC307 /* WorkFlowNet.swift */ = {isa = PBXFileReference; lastKnownFileType = sourcecode.swift; path = WorkFlowNet.swift; sourceTree = "<group>"; };
		4ED85CF62628021900AAC307 /* UserInfosNet.swift */ = {isa = PBXFileReference; lastKnownFileType = sourcecode.swift; path = UserInfosNet.swift; sourceTree = "<group>"; };
		4ED85CFC2628042E00AAC307 /* NetworkReachability.swift */ = {isa = PBXFileReference; lastKnownFileType = sourcecode.swift; path = NetworkReachability.swift; sourceTree = "<group>"; };
		4ED85CFF262805C500AAC307 /* Response.swift */ = {isa = PBXFileReference; lastKnownFileType = sourcecode.swift; path = Response.swift; sourceTree = "<group>"; };
		4ED85D422628272D00AAC307 /* TemplateModel.swift */ = {isa = PBXFileReference; lastKnownFileType = sourcecode.swift; path = TemplateModel.swift; sourceTree = "<group>"; };
		4ED85D452628279500AAC307 /* TemplateNet.swift */ = {isa = PBXFileReference; lastKnownFileType = sourcecode.swift; path = TemplateNet.swift; sourceTree = "<group>"; };
		777F7E54262A851300DCD9D2 /* CustomerDetailEidtViewController.swift */ = {isa = PBXFileReference; lastKnownFileType = sourcecode.swift; path = CustomerDetailEidtViewController.swift; sourceTree = "<group>"; };
		777F7E57262A857C00DCD9D2 /* CustomerUserInfoTableViewCell.swift */ = {isa = PBXFileReference; lastKnownFileType = sourcecode.swift; path = CustomerUserInfoTableViewCell.swift; sourceTree = "<group>"; };
		777F7E59262A85A100DCD9D2 /* CustomerBizTableViewCell.swift */ = {isa = PBXFileReference; lastKnownFileType = sourcecode.swift; path = CustomerBizTableViewCell.swift; sourceTree = "<group>"; };
		777F7E5B262A85F400DCD9D2 /* CustomerInfoReusableHeaderView.swift */ = {isa = PBXFileReference; lastKnownFileType = sourcecode.swift; path = CustomerInfoReusableHeaderView.swift; sourceTree = "<group>"; };
		777F7E5E262A864B00DCD9D2 /* ViewInitProtocol.swift */ = {isa = PBXFileReference; lastKnownFileType = sourcecode.swift; path = ViewInitProtocol.swift; sourceTree = "<group>"; };
		777F7E60262A887500DCD9D2 /* LeftRightTextLabel.swift */ = {isa = PBXFileReference; lastKnownFileType = sourcecode.swift; path = LeftRightTextLabel.swift; sourceTree = "<group>"; };
		777F7E62262AA05200DCD9D2 /* LeftLabelRightInputCell.swift */ = {isa = PBXFileReference; lastKnownFileType = sourcecode.swift; path = LeftLabelRightInputCell.swift; sourceTree = "<group>"; };
		777F7E64262AA35F00DCD9D2 /* CustomerInputCell.swift */ = {isa = PBXFileReference; lastKnownFileType = sourcecode.swift; path = CustomerInputCell.swift; sourceTree = "<group>"; };
		777F7E66262AA99A00DCD9D2 /* WorkFlowDetailViewController.swift */ = {isa = PBXFileReference; lastKnownFileType = sourcecode.swift; path = WorkFlowDetailViewController.swift; sourceTree = "<group>"; };
		777F7E68262AAC6A00DCD9D2 /* SystemViewController.swift */ = {isa = PBXFileReference; lastKnownFileType = sourcecode.swift; path = SystemViewController.swift; sourceTree = "<group>"; };
		777F7E6A262AB58A00DCD9D2 /* SystemStationTableCell.swift */ = {isa = PBXFileReference; lastKnownFileType = sourcecode.swift; path = SystemStationTableCell.swift; sourceTree = "<group>"; };
		777F7E6C262AC62A00DCD9D2 /* CreditListViewController.swift */ = {isa = PBXFileReference; lastKnownFileType = sourcecode.swift; path = CreditListViewController.swift; sourceTree = "<group>"; };
		777F7E6E262AC74400DCD9D2 /* CreditTableViewCell.swift */ = {isa = PBXFileReference; lastKnownFileType = sourcecode.swift; path = CreditTableViewCell.swift; sourceTree = "<group>"; };
		777F7E75262AF70300DCD9D2 /* SettingViewController.swift */ = {isa = PBXFileReference; lastKnownFileType = sourcecode.swift; path = SettingViewController.swift; sourceTree = "<group>"; };
		77831CB326287CC000306960 /* LoginViewController.swift */ = {isa = PBXFileReference; lastKnownFileType = sourcecode.swift; path = LoginViewController.swift; sourceTree = "<group>"; };
		77831CB926287D5E00306960 /* LoginView.swift */ = {isa = PBXFileReference; lastKnownFileType = sourcecode.swift; path = LoginView.swift; sourceTree = "<group>"; };
		77831CBB26288C0400306960 /* HomeWorkView.swift */ = {isa = PBXFileReference; lastKnownFileType = sourcecode.swift; path = HomeWorkView.swift; sourceTree = "<group>"; };
		77831CBD26288C2E00306960 /* WorkMenuButton.swift */ = {isa = PBXFileReference; lastKnownFileType = sourcecode.swift; path = WorkMenuButton.swift; sourceTree = "<group>"; };
		77A79AAE262AFF6F0067B21D /* SettingTableViewCell.swift */ = {isa = PBXFileReference; lastKnownFileType = sourcecode.swift; path = SettingTableViewCell.swift; sourceTree = "<group>"; };
		77A79AB0262B004D0067B21D /* SettingCenterTextTableCell.swift */ = {isa = PBXFileReference; lastKnownFileType = sourcecode.swift; path = SettingCenterTextTableCell.swift; sourceTree = "<group>"; };
		77A854412629B8730086A4B5 /* UIImage+Extension.swift */ = {isa = PBXFileReference; lastKnownFileType = sourcecode.swift; path = "UIImage+Extension.swift"; sourceTree = "<group>"; };
		77A854432629BFCF0086A4B5 /* MesageListViewController.swift */ = {isa = PBXFileReference; lastKnownFileType = sourcecode.swift; path = MesageListViewController.swift; sourceTree = "<group>"; };
		77A854452629C0C50086A4B5 /* MessgeListTableViewCell.swift */ = {isa = PBXFileReference; lastKnownFileType = sourcecode.swift; path = MessgeListTableViewCell.swift; sourceTree = "<group>"; };
		77A854492629C36B0086A4B5 /* UIView+IBInspectable.swift */ = {isa = PBXFileReference; lastKnownFileType = sourcecode.swift; path = "UIView+IBInspectable.swift"; sourceTree = "<group>"; };
		77A8544E2629E2AB0086A4B5 /* CustomerInfoViewController.swift */ = {isa = PBXFileReference; lastKnownFileType = sourcecode.swift; path = CustomerInfoViewController.swift; sourceTree = "<group>"; };
		77A854502629E2BB0086A4B5 /* CustomerInfoInputViewController.swift */ = {isa = PBXFileReference; lastKnownFileType = sourcecode.swift; path = CustomerInfoInputViewController.swift; sourceTree = "<group>"; };
		DABAD441A204982CAC20749D /* Pods-ZJWorker.debug.xcconfig */ = {isa = PBXFileReference; includeInIndex = 1; lastKnownFileType = text.xcconfig; name = "Pods-ZJWorker.debug.xcconfig"; path = "Target Support Files/Pods-ZJWorker/Pods-ZJWorker.debug.xcconfig"; sourceTree = "<group>"; };
		E0716E1203EE04493870B64D /* Pods_ZJWorker.framework */ = {isa = PBXFileReference; explicitFileType = wrapper.framework; includeInIndex = 0; path = Pods_ZJWorker.framework; sourceTree = BUILT_PRODUCTS_DIR; };
/* End PBXFileReference section */

/* Begin PBXFrameworksBuildPhase section */
		4ED85C9A2626ED4400AAC307 /* Frameworks */ = {
			isa = PBXFrameworksBuildPhase;
			buildActionMask = 2147483647;
			files = (
				392DF599D83224AB8B16E48A /* Pods_ZJWorker.framework in Frameworks */,
			);
			runOnlyForDeploymentPostprocessing = 0;
		};
/* End PBXFrameworksBuildPhase section */

/* Begin PBXGroup section */
		4E161DEE2629522000774C57 /* Message */ = {
			isa = PBXGroup;
			children = (
				4E161DEF2629523500774C57 /* MessageViewController.swift */,
				77A854432629BFCF0086A4B5 /* MesageListViewController.swift */,
				4E161DF12629539400774C57 /* MessageTableViewCell.swift */,
				77A854452629C0C50086A4B5 /* MessgeListTableViewCell.swift */,
			);
			path = Message;
			sourceTree = "<group>";
		};
		4E161DF32629653A00774C57 /* Mine */ = {
			isa = PBXGroup;
			children = (
				4E161DF42629655D00774C57 /* MineViewController.swift */,
				4E161DF9262969C400774C57 /* MineTableViewCell.swift */,
				777F7E75262AF70300DCD9D2 /* SettingViewController.swift */,
				77A79AAE262AFF6F0067B21D /* SettingTableViewCell.swift */,
				77A79AB0262B004D0067B21D /* SettingCenterTextTableCell.swift */,
			);
			path = Mine;
			sourceTree = "<group>";
		};
		4E161DFB2629716F00774C57 /* Contact */ = {
			isa = PBXGroup;
			children = (
				4E161DFC2629718F00774C57 /* ContactViewController.swift */,
				777F7E68262AAC6A00DCD9D2 /* SystemViewController.swift */,
				777F7E6A262AB58A00DCD9D2 /* SystemStationTableCell.swift */,
			);
			path = Contact;
			sourceTree = "<group>";
		};
		4E161E002629774800774C57 /* View */ = {
			isa = PBXGroup;
			children = (
				4E161DE8262925D100774C57 /* HomeMenuReusableHeaderView.swift */,
				4E161DEC262939DB00774C57 /* HomeMenuReusableFooterView.swift */,
				4E161DE62629232D00774C57 /* HomeMeunCollectionViewCell.swift */,
				77831CBD26288C2E00306960 /* WorkMenuButton.swift */,
				77831CBB26288C0400306960 /* HomeWorkView.swift */,
			);
			path = View;
			sourceTree = "<group>";
		};
		4ED85C942626ED4300AAC307 = {
			isa = PBXGroup;
			children = (
				4ED85C9F2626ED4400AAC307 /* ZJWorker */,
				4ED85C9E2626ED4400AAC307 /* Products */,
				A4C1B241B0E0776CDE632670 /* Pods */,
				B8E44905189DCE93C9ACB0E0 /* Frameworks */,
			);
			sourceTree = "<group>";
		};
		4ED85C9E2626ED4400AAC307 /* Products */ = {
			isa = PBXGroup;
			children = (
				4ED85C9D2626ED4400AAC307 /* ZJWorker.app */,
			);
			name = Products;
			sourceTree = "<group>";
		};
		4ED85C9F2626ED4400AAC307 /* ZJWorker */ = {
			isa = PBXGroup;
			children = (
				4E161DFE262976AA00774C57 /* README.md */,
				4ED85CA02626ED4400AAC307 /* AppDelegate.swift */,
				4ED85CA42626ED4400AAC307 /* ViewController.swift */,
				777F7E5D262A862B00DCD9D2 /* Base */,
				777F7E70262AF4FD00DCD9D2 /* Attendance */,
				77A8544B2629E2510086A4B5 /* CustomerInfo */,
				77A854402629B8490086A4B5 /* Category */,
				4E161DFB2629716F00774C57 /* Contact */,
				4E161DF32629653A00774C57 /* Mine */,
				4E161DEE2629522000774C57 /* Message */,
				77831CB226287CA900306960 /* Login */,
				4ED85CEC2628015500AAC307 /* Common */,
				4ED85CF2262801E400AAC307 /* WorkFlow */,
				4ED85CC62627E19600AAC307 /* NetWork */,
				4ED85CC22627E0AC00AAC307 /* HomePage */,
				4ED85CA92626ED4700AAC307 /* Assets.xcassets */,
				4ED85CAB2626ED4700AAC307 /* LaunchScreen.storyboard */,
				4ED85CAE2626ED4700AAC307 /* Info.plist */,
				4ED85CE72628007800AAC307 /* PrefixHeader.pch */,
				4ED85CA62626ED4400AAC307 /* Main.storyboard */,
			);
			path = ZJWorker;
			sourceTree = "<group>";
		};
		4ED85CC22627E0AC00AAC307 /* HomePage */ = {
			isa = PBXGroup;
			children = (
				4ED85CC32627E0E700AAC307 /* HomeTabbarViewController.swift */,
				4E161DEA26292DC900774C57 /* HomeMeunViewController.swift */,
				4E161E002629774800774C57 /* View */,
				4ED85CDF2627EBAB00AAC307 /* Models */,
			);
			path = HomePage;
			sourceTree = "<group>";
		};
		4ED85CC62627E19600AAC307 /* NetWork */ = {
			isa = PBXGroup;
			children = (
				4ED85CE8262800DB00AAC307 /* NetDefine.swift */,
				4ED85CD62627E7CD00AAC307 /* OfficeNet.swift */,
				4ED85CE32627F01500AAC307 /* HomeMetasNet.swift */,
				4ED85CF32628020900AAC307 /* WorkFlowNet.swift */,
				4ED85CF62628021900AAC307 /* UserInfosNet.swift */,
				4ED85D452628279500AAC307 /* TemplateNet.swift */,
				4ED85CFC2628042E00AAC307 /* NetworkReachability.swift */,
				4ED85CFF262805C500AAC307 /* Response.swift */,
			);
			path = NetWork;
			sourceTree = "<group>";
		};
		4ED85CDF2627EBAB00AAC307 /* Models */ = {
			isa = PBXGroup;
			children = (
				4ED85CE02627EBD100AAC307 /* WorkerStatus.swift */,
				4ED85D422628272D00AAC307 /* TemplateModel.swift */,
			);
			path = Models;
			sourceTree = "<group>";
		};
		4ED85CEC2628015500AAC307 /* Common */ = {
			isa = PBXGroup;
			children = (
				4ED85CED2628016900AAC307 /* SizeDefine.swift */,
			);
			path = Common;
			sourceTree = "<group>";
		};
		4ED85CF2262801E400AAC307 /* WorkFlow */ = {
			isa = PBXGroup;
			children = (
				777F7E66262AA99A00DCD9D2 /* WorkFlowDetailViewController.swift */,
				777F7E6C262AC62A00DCD9D2 /* CreditListViewController.swift */,
				777F7E6E262AC74400DCD9D2 /* CreditTableViewCell.swift */,
			);
			path = WorkFlow;
			sourceTree = "<group>";
		};
		777F7E56262A855000DCD9D2 /* view */ = {
			isa = PBXGroup;
			children = (
				777F7E60262A887500DCD9D2 /* LeftRightTextLabel.swift */,
				777F7E62262AA05200DCD9D2 /* LeftLabelRightInputCell.swift */,
				777F7E57262A857C00DCD9D2 /* CustomerUserInfoTableViewCell.swift */,
				777F7E59262A85A100DCD9D2 /* CustomerBizTableViewCell.swift */,
				777F7E5B262A85F400DCD9D2 /* CustomerInfoReusableHeaderView.swift */,
				777F7E64262AA35F00DCD9D2 /* CustomerInputCell.swift */,
			);
			path = view;
			sourceTree = "<group>";
		};
		777F7E5D262A862B00DCD9D2 /* Base */ = {
			isa = PBXGroup;
			children = (
				777F7E5E262A864B00DCD9D2 /* ViewInitProtocol.swift */,
			);
			path = Base;
			sourceTree = "<group>";
		};
		777F7E70262AF4FD00DCD9D2 /* Attendance */ = {
			isa = PBXGroup;
			children = (
			);
			path = Attendance;
			sourceTree = "<group>";
		};
		77831CB226287CA900306960 /* Login */ = {
			isa = PBXGroup;
			children = (
				77831CB326287CC000306960 /* LoginViewController.swift */,
				77831CB926287D5E00306960 /* LoginView.swift */,
			);
			path = Login;
			sourceTree = "<group>";
		};
		77A854402629B8490086A4B5 /* Category */ = {
			isa = PBXGroup;
			children = (
				77A854412629B8730086A4B5 /* UIImage+Extension.swift */,
				77A854492629C36B0086A4B5 /* UIView+IBInspectable.swift */,
			);
			path = Category;
			sourceTree = "<group>";
		};
		77A8544B2629E2510086A4B5 /* CustomerInfo */ = {
			isa = PBXGroup;
			children = (
				77A854502629E2BB0086A4B5 /* CustomerInfoInputViewController.swift */,
				77A8544E2629E2AB0086A4B5 /* CustomerInfoViewController.swift */,
				777F7E54262A851300DCD9D2 /* CustomerDetailEidtViewController.swift */,
				777F7E56262A855000DCD9D2 /* view */,
			);
			path = CustomerInfo;
			sourceTree = "<group>";
		};
		A4C1B241B0E0776CDE632670 /* Pods */ = {
			isa = PBXGroup;
			children = (
				DABAD441A204982CAC20749D /* Pods-ZJWorker.debug.xcconfig */,
				430D4545DF998B7F16D6D28B /* Pods-ZJWorker.release.xcconfig */,
			);
			path = Pods;
			sourceTree = "<group>";
		};
		B8E44905189DCE93C9ACB0E0 /* Frameworks */ = {
			isa = PBXGroup;
			children = (
				E0716E1203EE04493870B64D /* Pods_ZJWorker.framework */,
			);
			name = Frameworks;
			sourceTree = "<group>";
		};
/* End PBXGroup section */

/* Begin PBXNativeTarget section */
		4ED85C9C2626ED4400AAC307 /* ZJWorker */ = {
			isa = PBXNativeTarget;
			buildConfigurationList = 4ED85CB12626ED4700AAC307 /* Build configuration list for PBXNativeTarget "ZJWorker" */;
			buildPhases = (
				1D1646184FE90004A4AF7A00 /* [CP] Check Pods Manifest.lock */,
				4ED85C992626ED4400AAC307 /* Sources */,
				4ED85C9A2626ED4400AAC307 /* Frameworks */,
				4ED85C9B2626ED4400AAC307 /* Resources */,
				EBE10F8D32EDE87039625DED /* [CP] Embed Pods Frameworks */,
				77831CB826287CEC00306960 /* Embed Frameworks */,
			);
			buildRules = (
			);
			dependencies = (
			);
			name = ZJWorker;
			productName = ZJWorker;
			productReference = 4ED85C9D2626ED4400AAC307 /* ZJWorker.app */;
			productType = "com.apple.product-type.application";
		};
/* End PBXNativeTarget section */

/* Begin PBXProject section */
		4ED85C952626ED4300AAC307 /* Project object */ = {
			isa = PBXProject;
			attributes = {
				LastSwiftUpdateCheck = 1230;
				LastUpgradeCheck = 1230;
				TargetAttributes = {
					4ED85C9C2626ED4400AAC307 = {
						CreatedOnToolsVersion = 12.3;
					};
				};
			};
			buildConfigurationList = 4ED85C982626ED4300AAC307 /* Build configuration list for PBXProject "ZJWorker" */;
			compatibilityVersion = "Xcode 9.3";
			developmentRegion = en;
			hasScannedForEncodings = 0;
			knownRegions = (
				en,
				Base,
			);
			mainGroup = 4ED85C942626ED4300AAC307;
			productRefGroup = 4ED85C9E2626ED4400AAC307 /* Products */;
			projectDirPath = "";
			projectRoot = "";
			targets = (
				4ED85C9C2626ED4400AAC307 /* ZJWorker */,
			);
		};
/* End PBXProject section */

/* Begin PBXResourcesBuildPhase section */
		4ED85C9B2626ED4400AAC307 /* Resources */ = {
			isa = PBXResourcesBuildPhase;
			buildActionMask = 2147483647;
			files = (
				4ED85CAD2626ED4700AAC307 /* LaunchScreen.storyboard in Resources */,
				4ED85CAA2626ED4700AAC307 /* Assets.xcassets in Resources */,
				4ED85CA82626ED4400AAC307 /* Main.storyboard in Resources */,
				4E161DFF262976AA00774C57 /* README.md in Resources */,
			);
			runOnlyForDeploymentPostprocessing = 0;
		};
/* End PBXResourcesBuildPhase section */

/* Begin PBXShellScriptBuildPhase section */
		1D1646184FE90004A4AF7A00 /* [CP] Check Pods Manifest.lock */ = {
			isa = PBXShellScriptBuildPhase;
			buildActionMask = 2147483647;
			files = (
			);
			inputFileListPaths = (
			);
			inputPaths = (
				"${PODS_PODFILE_DIR_PATH}/Podfile.lock",
				"${PODS_ROOT}/Manifest.lock",
			);
			name = "[CP] Check Pods Manifest.lock";
			outputFileListPaths = (
			);
			outputPaths = (
				"$(DERIVED_FILE_DIR)/Pods-ZJWorker-checkManifestLockResult.txt",
			);
			runOnlyForDeploymentPostprocessing = 0;
			shellPath = /bin/sh;
			shellScript = "diff \"${PODS_PODFILE_DIR_PATH}/Podfile.lock\" \"${PODS_ROOT}/Manifest.lock\" > /dev/null\nif [ $? != 0 ] ; then\n    # print error to STDERR\n    echo \"error: The sandbox is not in sync with the Podfile.lock. Run 'pod install' or update your CocoaPods installation.\" >&2\n    exit 1\nfi\n# This output is used by Xcode 'outputs' to avoid re-running this script phase.\necho \"SUCCESS\" > \"${SCRIPT_OUTPUT_FILE_0}\"\n";
			showEnvVarsInLog = 0;
		};
		EBE10F8D32EDE87039625DED /* [CP] Embed Pods Frameworks */ = {
			isa = PBXShellScriptBuildPhase;
			buildActionMask = 2147483647;
			files = (
			);
			inputFileListPaths = (
				"${PODS_ROOT}/Target Support Files/Pods-ZJWorker/Pods-ZJWorker-frameworks-${CONFIGURATION}-input-files.xcfilelist",
			);
			name = "[CP] Embed Pods Frameworks";
			outputFileListPaths = (
				"${PODS_ROOT}/Target Support Files/Pods-ZJWorker/Pods-ZJWorker-frameworks-${CONFIGURATION}-output-files.xcfilelist",
			);
			runOnlyForDeploymentPostprocessing = 0;
			shellPath = /bin/sh;
			shellScript = "\"${PODS_ROOT}/Target Support Files/Pods-ZJWorker/Pods-ZJWorker-frameworks.sh\"\n";
			showEnvVarsInLog = 0;
		};
/* End PBXShellScriptBuildPhase section */

/* Begin PBXSourcesBuildPhase section */
		4ED85C992626ED4400AAC307 /* Sources */ = {
			isa = PBXSourcesBuildPhase;
			buildActionMask = 2147483647;
			files = (
				4E161DED262939DB00774C57 /* HomeMenuReusableFooterView.swift in Sources */,
				4ED85CFD2628042E00AAC307 /* NetworkReachability.swift in Sources */,
				4ED85CE9262800DB00AAC307 /* NetDefine.swift in Sources */,
				4ED85CEE2628016900AAC307 /* SizeDefine.swift in Sources */,
				4E161DEB26292DC900774C57 /* HomeMeunViewController.swift in Sources */,
				777F7E69262AAC6A00DCD9D2 /* SystemViewController.swift in Sources */,
				77A79AAF262AFF6F0067B21D /* SettingTableViewCell.swift in Sources */,
				4E161DFD2629718F00774C57 /* ContactViewController.swift in Sources */,
				777F7E67262AA99A00DCD9D2 /* WorkFlowDetailViewController.swift in Sources */,
				777F7E58262A857C00DCD9D2 /* CustomerUserInfoTableViewCell.swift in Sources */,
				4E161DF22629539400774C57 /* MessageTableViewCell.swift in Sources */,
				777F7E63262AA05200DCD9D2 /* LeftLabelRightInputCell.swift in Sources */,
				4E161DE72629232D00774C57 /* HomeMeunCollectionViewCell.swift in Sources */,
				77831CBE26288C2E00306960 /* WorkMenuButton.swift in Sources */,
				77831CB426287CC000306960 /* LoginViewController.swift in Sources */,
				4E161DF52629655D00774C57 /* MineViewController.swift in Sources */,
				4ED85D462628279500AAC307 /* TemplateNet.swift in Sources */,
				4ED85CA52626ED4400AAC307 /* ViewController.swift in Sources */,
				4E161DFA262969C400774C57 /* MineTableViewCell.swift in Sources */,
				4E161DE9262925D100774C57 /* HomeMenuReusableHeaderView.swift in Sources */,
				777F7E6D262AC62B00DCD9D2 /* CreditListViewController.swift in Sources */,
				777F7E5F262A864B00DCD9D2 /* ViewInitProtocol.swift in Sources */,
				777F7E77262AF70300DCD9D2 /* SettingViewController.swift in Sources */,
				77A854422629B8730086A4B5 /* UIImage+Extension.swift in Sources */,
				777F7E55262A851300DCD9D2 /* CustomerDetailEidtViewController.swift in Sources */,
				777F7E6B262AB58A00DCD9D2 /* SystemStationTableCell.swift in Sources */,
				77A8544F2629E2AB0086A4B5 /* CustomerInfoViewController.swift in Sources */,
				4ED85D432628272D00AAC307 /* TemplateModel.swift in Sources */,
				77A854512629E2BB0086A4B5 /* CustomerInfoInputViewController.swift in Sources */,
				77A854472629C0C50086A4B5 /* MessgeListTableViewCell.swift in Sources */,
				77A854442629BFCF0086A4B5 /* MesageListViewController.swift in Sources */,
				777F7E5C262A85F400DCD9D2 /* CustomerInfoReusableHeaderView.swift in Sources */,
				77A79AB1262B004D0067B21D /* SettingCenterTextTableCell.swift in Sources */,
				777F7E6F262AC74400DCD9D2 /* CreditTableViewCell.swift in Sources */,
				4ED85D00262805C500AAC307 /* Response.swift in Sources */,
				77831CBC26288C0400306960 /* HomeWorkView.swift in Sources */,
				77A8544A2629C36B0086A4B5 /* UIView+IBInspectable.swift in Sources */,
				4ED85CD72627E7CD00AAC307 /* OfficeNet.swift in Sources */,
				4ED85CF72628021900AAC307 /* UserInfosNet.swift in Sources */,
				777F7E5A262A85A100DCD9D2 /* CustomerBizTableViewCell.swift in Sources */,
				4E161DF02629523500774C57 /* MessageViewController.swift in Sources */,
				777F7E61262A887500DCD9D2 /* LeftRightTextLabel.swift in Sources */,
				4ED85CE12627EBD100AAC307 /* WorkerStatus.swift in Sources */,
				4ED85CC42627E0E700AAC307 /* HomeTabbarViewController.swift in Sources */,
				4ED85CE42627F01500AAC307 /* HomeMetasNet.swift in Sources */,
				4ED85CF42628020900AAC307 /* WorkFlowNet.swift in Sources */,
				77831CBA26287D5E00306960 /* LoginView.swift in Sources */,
				777F7E65262AA35F00DCD9D2 /* CustomerInputCell.swift in Sources */,
				4ED85CA12626ED4400AAC307 /* AppDelegate.swift in Sources */,
			);
			runOnlyForDeploymentPostprocessing = 0;
		};
/* End PBXSourcesBuildPhase section */

/* Begin PBXVariantGroup section */
		4ED85CA62626ED4400AAC307 /* Main.storyboard */ = {
			isa = PBXVariantGroup;
			children = (
				4ED85CA72626ED4400AAC307 /* Base */,
			);
			name = Main.storyboard;
			sourceTree = "<group>";
		};
		4ED85CAB2626ED4700AAC307 /* LaunchScreen.storyboard */ = {
			isa = PBXVariantGroup;
			children = (
				4ED85CAC2626ED4700AAC307 /* Base */,
			);
			name = LaunchScreen.storyboard;
			sourceTree = "<group>";
		};
/* End PBXVariantGroup section */

/* Begin XCBuildConfiguration section */
		4ED85CAF2626ED4700AAC307 /* Debug */ = {
			isa = XCBuildConfiguration;
			buildSettings = {
				ALWAYS_SEARCH_USER_PATHS = NO;
				CLANG_ANALYZER_NONNULL = YES;
				CLANG_ANALYZER_NUMBER_OBJECT_CONVERSION = YES_AGGRESSIVE;
				CLANG_CXX_LANGUAGE_STANDARD = "gnu++14";
				CLANG_CXX_LIBRARY = "libc++";
				CLANG_ENABLE_MODULES = YES;
				CLANG_ENABLE_OBJC_ARC = YES;
				CLANG_ENABLE_OBJC_WEAK = YES;
				CLANG_WARN_BLOCK_CAPTURE_AUTORELEASING = YES;
				CLANG_WARN_BOOL_CONVERSION = YES;
				CLANG_WARN_COMMA = YES;
				CLANG_WARN_CONSTANT_CONVERSION = YES;
				CLANG_WARN_DEPRECATED_OBJC_IMPLEMENTATIONS = YES;
				CLANG_WARN_DIRECT_OBJC_ISA_USAGE = YES_ERROR;
				CLANG_WARN_DOCUMENTATION_COMMENTS = YES;
				CLANG_WARN_EMPTY_BODY = YES;
				CLANG_WARN_ENUM_CONVERSION = YES;
				CLANG_WARN_INFINITE_RECURSION = YES;
				CLANG_WARN_INT_CONVERSION = YES;
				CLANG_WARN_NON_LITERAL_NULL_CONVERSION = YES;
				CLANG_WARN_OBJC_IMPLICIT_RETAIN_SELF = YES;
				CLANG_WARN_OBJC_LITERAL_CONVERSION = YES;
				CLANG_WARN_OBJC_ROOT_CLASS = YES_ERROR;
				CLANG_WARN_QUOTED_INCLUDE_IN_FRAMEWORK_HEADER = YES;
				CLANG_WARN_RANGE_LOOP_ANALYSIS = YES;
				CLANG_WARN_STRICT_PROTOTYPES = YES;
				CLANG_WARN_SUSPICIOUS_MOVE = YES;
				CLANG_WARN_UNGUARDED_AVAILABILITY = YES_AGGRESSIVE;
				CLANG_WARN_UNREACHABLE_CODE = YES;
				CLANG_WARN__DUPLICATE_METHOD_MATCH = YES;
				COPY_PHASE_STRIP = NO;
				DEBUG_INFORMATION_FORMAT = dwarf;
				ENABLE_STRICT_OBJC_MSGSEND = YES;
				ENABLE_TESTABILITY = YES;
				GCC_C_LANGUAGE_STANDARD = gnu11;
				GCC_DYNAMIC_NO_PIC = NO;
				GCC_NO_COMMON_BLOCKS = YES;
				GCC_OPTIMIZATION_LEVEL = 0;
				GCC_PREPROCESSOR_DEFINITIONS = (
					"DEBUG=1",
					"$(inherited)",
				);
				GCC_WARN_64_TO_32_BIT_CONVERSION = YES;
				GCC_WARN_ABOUT_RETURN_TYPE = YES_ERROR;
				GCC_WARN_UNDECLARED_SELECTOR = YES;
				GCC_WARN_UNINITIALIZED_AUTOS = YES_AGGRESSIVE;
				GCC_WARN_UNUSED_FUNCTION = YES;
				GCC_WARN_UNUSED_VARIABLE = YES;
				IPHONEOS_DEPLOYMENT_TARGET = 12.0;
				MTL_ENABLE_DEBUG_INFO = INCLUDE_SOURCE;
				MTL_FAST_MATH = YES;
				ONLY_ACTIVE_ARCH = YES;
				SDKROOT = iphoneos;
				SWIFT_ACTIVE_COMPILATION_CONDITIONS = DEBUG;
				SWIFT_OPTIMIZATION_LEVEL = "-Onone";
			};
			name = Debug;
		};
		4ED85CB02626ED4700AAC307 /* Release */ = {
			isa = XCBuildConfiguration;
			buildSettings = {
				ALWAYS_SEARCH_USER_PATHS = NO;
				CLANG_ANALYZER_NONNULL = YES;
				CLANG_ANALYZER_NUMBER_OBJECT_CONVERSION = YES_AGGRESSIVE;
				CLANG_CXX_LANGUAGE_STANDARD = "gnu++14";
				CLANG_CXX_LIBRARY = "libc++";
				CLANG_ENABLE_MODULES = YES;
				CLANG_ENABLE_OBJC_ARC = YES;
				CLANG_ENABLE_OBJC_WEAK = YES;
				CLANG_WARN_BLOCK_CAPTURE_AUTORELEASING = YES;
				CLANG_WARN_BOOL_CONVERSION = YES;
				CLANG_WARN_COMMA = YES;
				CLANG_WARN_CONSTANT_CONVERSION = YES;
				CLANG_WARN_DEPRECATED_OBJC_IMPLEMENTATIONS = YES;
				CLANG_WARN_DIRECT_OBJC_ISA_USAGE = YES_ERROR;
				CLANG_WARN_DOCUMENTATION_COMMENTS = YES;
				CLANG_WARN_EMPTY_BODY = YES;
				CLANG_WARN_ENUM_CONVERSION = YES;
				CLANG_WARN_INFINITE_RECURSION = YES;
				CLANG_WARN_INT_CONVERSION = YES;
				CLANG_WARN_NON_LITERAL_NULL_CONVERSION = YES;
				CLANG_WARN_OBJC_IMPLICIT_RETAIN_SELF = YES;
				CLANG_WARN_OBJC_LITERAL_CONVERSION = YES;
				CLANG_WARN_OBJC_ROOT_CLASS = YES_ERROR;
				CLANG_WARN_QUOTED_INCLUDE_IN_FRAMEWORK_HEADER = YES;
				CLANG_WARN_RANGE_LOOP_ANALYSIS = YES;
				CLANG_WARN_STRICT_PROTOTYPES = YES;
				CLANG_WARN_SUSPICIOUS_MOVE = YES;
				CLANG_WARN_UNGUARDED_AVAILABILITY = YES_AGGRESSIVE;
				CLANG_WARN_UNREACHABLE_CODE = YES;
				CLANG_WARN__DUPLICATE_METHOD_MATCH = YES;
				COPY_PHASE_STRIP = NO;
				DEBUG_INFORMATION_FORMAT = "dwarf-with-dsym";
				ENABLE_NS_ASSERTIONS = NO;
				ENABLE_STRICT_OBJC_MSGSEND = YES;
				GCC_C_LANGUAGE_STANDARD = gnu11;
				GCC_NO_COMMON_BLOCKS = YES;
				GCC_WARN_64_TO_32_BIT_CONVERSION = YES;
				GCC_WARN_ABOUT_RETURN_TYPE = YES_ERROR;
				GCC_WARN_UNDECLARED_SELECTOR = YES;
				GCC_WARN_UNINITIALIZED_AUTOS = YES_AGGRESSIVE;
				GCC_WARN_UNUSED_FUNCTION = YES;
				GCC_WARN_UNUSED_VARIABLE = YES;
				IPHONEOS_DEPLOYMENT_TARGET = 12.0;
				MTL_ENABLE_DEBUG_INFO = NO;
				MTL_FAST_MATH = YES;
				SDKROOT = iphoneos;
				SWIFT_COMPILATION_MODE = wholemodule;
				SWIFT_OPTIMIZATION_LEVEL = "-O";
				VALIDATE_PRODUCT = YES;
			};
			name = Release;
		};
		4ED85CB22626ED4700AAC307 /* Debug */ = {
			isa = XCBuildConfiguration;
			baseConfigurationReference = DABAD441A204982CAC20749D /* Pods-ZJWorker.debug.xcconfig */;
			buildSettings = {
				ASSETCATALOG_COMPILER_APPICON_NAME = AppIcon;
				ASSETCATALOG_COMPILER_GLOBAL_ACCENT_COLOR_NAME = AccentColor;
				CODE_SIGN_STYLE = Automatic;
				DEVELOPMENT_TEAM = 8W5Y3WHB3Y;
				INFOPLIST_FILE = ZJWorker/Info.plist;
				LD_RUNPATH_SEARCH_PATHS = (
					"$(inherited)",
					"@executable_path/Frameworks",
				);
				PRODUCT_BUNDLE_IDENTIFIER = aaa.ZJWorker1;
				PRODUCT_NAME = "$(TARGET_NAME)";
				SWIFT_VERSION = 5.0;
				TARGETED_DEVICE_FAMILY = 1;
			};
			name = Debug;
		};
		4ED85CB32626ED4700AAC307 /* Release */ = {
			isa = XCBuildConfiguration;
			baseConfigurationReference = 430D4545DF998B7F16D6D28B /* Pods-ZJWorker.release.xcconfig */;
			buildSettings = {
				ASSETCATALOG_COMPILER_APPICON_NAME = AppIcon;
				ASSETCATALOG_COMPILER_GLOBAL_ACCENT_COLOR_NAME = AccentColor;
				CODE_SIGN_STYLE = Automatic;
				DEVELOPMENT_TEAM = 8W5Y3WHB3Y;
				INFOPLIST_FILE = ZJWorker/Info.plist;
				LD_RUNPATH_SEARCH_PATHS = (
					"$(inherited)",
					"@executable_path/Frameworks",
				);
				PRODUCT_BUNDLE_IDENTIFIER = aaa.ZJWorker1;
				PRODUCT_NAME = "$(TARGET_NAME)";
				SWIFT_VERSION = 5.0;
				TARGETED_DEVICE_FAMILY = 1;
			};
			name = Release;
		};
/* End XCBuildConfiguration section */

/* Begin XCConfigurationList section */
		4ED85C982626ED4300AAC307 /* Build configuration list for PBXProject "ZJWorker" */ = {
			isa = XCConfigurationList;
			buildConfigurations = (
				4ED85CAF2626ED4700AAC307 /* Debug */,
				4ED85CB02626ED4700AAC307 /* Release */,
			);
			defaultConfigurationIsVisible = 0;
			defaultConfigurationName = Release;
		};
		4ED85CB12626ED4700AAC307 /* Build configuration list for PBXNativeTarget "ZJWorker" */ = {
			isa = XCConfigurationList;
			buildConfigurations = (
				4ED85CB22626ED4700AAC307 /* Debug */,
				4ED85CB32626ED4700AAC307 /* Release */,
			);
			defaultConfigurationIsVisible = 0;
			defaultConfigurationName = Release;
		};
/* End XCConfigurationList section */
	};
	rootObject = 4ED85C952626ED4300AAC307 /* Project object */;
}
